
Microsoft Visual Studio Solution File, Format Version 12.00
# Visual Studio 15
VisualStudioVersion = 15.0.28307.1062
MinimumVisualStudioVersion = 10.0.40219.1
Project("{FAE04EC0-301F-11D3-BF4B-00C04F79EFBC}") = "RealmCharFameTracker", "RealmCharFameTracker\RealmCharFameTracker.csproj", "{BABCB808-DF85-45DD-86B9-F0C561641284}"
EndProject
Global
	GlobalSection(SolutionConfigurationPlatforms) = preSolution
		Debug|Any CPU = Debug|Any CPU
		Release|Any CPU = Release|Any CPU
	EndGlobalSection
	GlobalSection(ProjectConfigurationPlatforms) = postSolution
		{BABCB808-DF85-45DD-86B9-F0C561641284}.Debug|Any CPU.ActiveCfg = Debug|Any CPU
		{BABCB808-DF85-45DD-86B9-F0C561641284}.Debug|Any CPU.Build.0 = Debug|Any CPU
		{BABCB808-DF85-45DD-86B9-F0C561641284}.Release|Any CPU.ActiveCfg = Release|Any CPU
		{BABCB808-DF85-45DD-86B9-F0C561641284}.Release|Any CPU.Build.0 = Release|Any CPU
	EndGlobalSection
	GlobalSection(SolutionProperties) = preSolution
		HideSolutionNode = FALSE
	EndGlobalSection
	GlobalSection(ExtensibilityGlobals) = postSolution
		SolutionGuid = {DB7BA34E-05D9-4B36-9210-29AD510C6B5A}
	EndGlobalSection
EndGlobal
